
Microsoft Visual Studio Solution File, Format Version 12.00
Project("{FAE04EC0-301F-11D3-BF4B-00C04F79EFBC}") = "HelloWorld", "HelloWorld\HelloWorld.csproj", "{855D4543-FDC4-4965-A96D-04123C3912E1}"
EndProject
Global
	GlobalSection(SolutionConfigurationPlatforms) = preSolution
		Debug|Any CPU = Debug|Any CPU
		Release|Any CPU = Release|Any CPU
	EndGlobalSection
	GlobalSection(ProjectConfigurationPlatforms) = postSolution
		{855D4543-FDC4-4965-A96D-04123C3912E1}.Debug|Any CPU.ActiveCfg = Debug|Any CPU
		{855D4543-FDC4-4965-A96D-04123C3912E1}.Debug|Any CPU.Build.0 = Debug|Any CPU
		{855D4543-FDC4-4965-A96D-04123C3912E1}.Release|Any CPU.ActiveCfg = Release|Any CPU
		{855D4543-FDC4-4965-A96D-04123C3912E1}.Release|Any CPU.Build.0 = Release|Any CPU
	EndGlobalSection
EndGlobal
